# This file is automatically @generated by Cargo.
# It is not intended for manual editing.
version = 3

[[package]]
name = "arrayvec"
version = "0.7.4"
source = "registry+https://github.com/rust-lang/crates.io-index"
checksum = "96d30a06541fbafbc7f82ed10c06164cfbd2c401138f6addd8404629c4b16711"

[[package]]
name = "human_bytes"
version = "0.4.3"
source = "registry+https://github.com/rust-lang/crates.io-index"
checksum = "91f255a4535024abf7640cb288260811fc14794f62b063652ed349f9a6c2348e"
dependencies = [
 "ryu",
]

[[package]]
name = "musli"
version = "0.0.96"
source = "registry+https://github.com/rust-lang/crates.io-index"
checksum = "8f318bc764ec727511bbcdc6ffed1aa60e34b2056486a54724ae36fcd3ae17b2"
dependencies = [
 "musli-macros",
]

[[package]]
name = "musli-common"
version = "0.0.96"
source = "registry+https://github.com/rust-lang/crates.io-index"
checksum = "bba2a9f5450df4a64c0ac4de816813225ed8b0d5ce6afbc64905e3948dbbe64e"
dependencies = [
 "musli",
 "simdutf8",
]

[[package]]
name = "musli-macros"
version = "0.0.96"
source = "registry+https://github.com/rust-lang/crates.io-index"
checksum = "3246ef578517af4a45458ae4d4022416a15d7e84bbfa7f423a25abc4c8f7e057"
dependencies = [
 "proc-macro2",
 "quote",
 "syn",
]

[[package]]
name = "musli-storage"
version = "0.0.96"
source = "registry+https://github.com/rust-lang/crates.io-index"
checksum = "9c881c9b54d2e23ef97deb09e97e789214bdb78d30c71b9effef084f7a6c852c"
dependencies = [
 "musli",
 "musli-common",
]

[[package]]
name = "musli-wire"
version = "0.0.96"
source = "registry+https://github.com/rust-lang/crates.io-index"
checksum = "566534940930c7d34be0b607e0e3f97cc19cf376d6b6f2cd9c092aa8447ec476"
dependencies = [
 "musli",
 "musli-common",
 "musli-storage",
]

[[package]]
name = "proc-macro2"
version = "1.0.78"
source = "registry+https://github.com/rust-lang/crates.io-index"
checksum = "e2422ad645d89c99f8f3e6b88a9fdeca7fabeac836b1002371c4367c8f984aae"
dependencies = [
 "unicode-ident",
]

[[package]]
name = "quote"
version = "1.0.35"
source = "registry+https://github.com/rust-lang/crates.io-index"
checksum = "291ec9ab5efd934aaf503a6466c5d5251535d108ee747472c3977cc5acc868ef"
dependencies = [
 "proc-macro2",
]

[[package]]
name = "reaprs"
version = "0.1.0"
dependencies = [
 "arrayvec",
 "human_bytes",
 "musli",
 "musli-wire",
]

[[package]]
name = "ryu"
version = "1.0.17"
source = "registry+https://github.com/rust-lang/crates.io-index"
checksum = "e86697c916019a8588c99b5fac3cead74ec0b4b819707a682fd4d23fa0ce1ba1"

[[package]]
name = "simdutf8"
version = "0.1.4"
source = "registry+https://github.com/rust-lang/crates.io-index"
checksum = "f27f6278552951f1f2b8cf9da965d10969b2efdea95a6ec47987ab46edfe263a"

[[package]]
name = "syn"
version = "2.0.52"
source = "registry+https://github.com/rust-lang/crates.io-index"
checksum = "b699d15b36d1f02c3e7c69f8ffef53de37aefae075d8488d4ba1a7788d574a07"
dependencies = [
 "proc-macro2",
 "quote",
 "unicode-ident",
]

[[package]]
name = "unicode-ident"
version = "1.0.12"
source = "registry+https://github.com/rust-lang/crates.io-index"
checksum = "3354b9ac3fae1ff6755cb6db53683adb661634f67557942dea4facebec0fee4b"
